
Microsoft Visual Studio Solution File, Format Version 12.00
# Visual Studio Version 16
VisualStudioVersion = 16.0.29613.14
MinimumVisualStudioVersion = 10.0.40219.1
Project("{FAE04EC0-301F-11D3-BF4B-00C04F79EFBC}") = "population", "population\population.csproj", "{1D79D975-4740-4B74-B230-27D44B27FDD8}"
EndProject
Global
	GlobalSection(SolutionConfigurationPlatforms) = preSolution
		Debug|Any CPU = Debug|Any CPU
		Release|Any CPU = Release|Any CPU
	EndGlobalSection
	GlobalSection(ProjectConfigurationPlatforms) = postSolution
		{1D79D975-4740-4B74-B230-27D44B27FDD8}.Debug|Any CPU.ActiveCfg = Debug|Any CPU
		{1D79D975-4740-4B74-B230-27D44B27FDD8}.Debug|Any CPU.Build.0 = Debug|Any CPU
		{1D79D975-4740-4B74-B230-27D44B27FDD8}.Release|Any CPU.ActiveCfg = Release|Any CPU
		{1D79D975-4740-4B74-B230-27D44B27FDD8}.Release|Any CPU.Build.0 = Release|Any CPU
	EndGlobalSection
	GlobalSection(SolutionProperties) = preSolution
		HideSolutionNode = FALSE
	EndGlobalSection
	GlobalSection(ExtensibilityGlobals) = postSolution
		SolutionGuid = {45E28080-D239-4FC5-887A-1E3CA87E3EC0}
	EndGlobalSection
EndGlobal
